
Microsoft Visual Studio Solution File, Format Version 12.00
# Visual Studio 15
VisualStudioVersion = 15.0.27703.2018
MinimumVisualStudioVersion = 10.0.40219.1
Project("{FAE04EC0-301F-11D3-BF4B-00C04F79EFBC}") = "GooglePageTesting", "GooglePageTesting\GooglePageTesting.csproj", "{DB49D063-235D-4EEF-902B-696C37EA3A86}"
EndProject
Global
	GlobalSection(SolutionConfigurationPlatforms) = preSolution
		Debug|Any CPU = Debug|Any CPU
		Release|Any CPU = Release|Any CPU
	EndGlobalSection
	GlobalSection(ProjectConfigurationPlatforms) = postSolution
		{DB49D063-235D-4EEF-902B-696C37EA3A86}.Debug|Any CPU.ActiveCfg = Debug|Any CPU
		{DB49D063-235D-4EEF-902B-696C37EA3A86}.Debug|Any CPU.Build.0 = Debug|Any CPU
		{DB49D063-235D-4EEF-902B-696C37EA3A86}.Release|Any CPU.ActiveCfg = Release|Any CPU
		{DB49D063-235D-4EEF-902B-696C37EA3A86}.Release|Any CPU.Build.0 = Release|Any CPU
	EndGlobalSection
	GlobalSection(SolutionProperties) = preSolution
		HideSolutionNode = FALSE
	EndGlobalSection
	GlobalSection(ExtensibilityGlobals) = postSolution
		SolutionGuid = {8EBEEE0D-A595-4443-BAD4-8BC27AE60DCA}
	EndGlobalSection
EndGlobal
